
Microsoft Visual Studio Solution File, Format Version 12.00
# Visual Studio Version 16
VisualStudioVersion = 16.0.30517.126
MinimumVisualStudioVersion = 10.0.40219.1
Project("{FAE04EC0-301F-11D3-BF4B-00C04F79EFBC}") = "BlazorWebGLExamples.Example1", "BlazorWebGLExamples.Example1\BlazorWebGLExamples.Example1.csproj", "{91FCD725-EBAE-4821-B6D1-C99286347F2E}"
EndProject
Project("{FAE04EC0-301F-11D3-BF4B-00C04F79EFBC}") = "BlazorWebGLExamples.Example2", "..\BlazorWebGLExamples.Example2\BlazorWebGLExamples.Example2.csproj", "{2C5DA682-6836-4018-8493-0F2120B54204}"
EndProject
Global
	GlobalSection(SolutionConfigurationPlatforms) = preSolution
		Debug|Any CPU = Debug|Any CPU
		Release|Any CPU = Release|Any CPU
	EndGlobalSection
	GlobalSection(ProjectConfigurationPlatforms) = postSolution
		{91FCD725-EBAE-4821-B6D1-C99286347F2E}.Debug|Any CPU.ActiveCfg = Debug|Any CPU
		{91FCD725-EBAE-4821-B6D1-C99286347F2E}.Debug|Any CPU.Build.0 = Debug|Any CPU
		{91FCD725-EBAE-4821-B6D1-C99286347F2E}.Release|Any CPU.ActiveCfg = Release|Any CPU
		{91FCD725-EBAE-4821-B6D1-C99286347F2E}.Release|Any CPU.Build.0 = Release|Any CPU
		{2C5DA682-6836-4018-8493-0F2120B54204}.Debug|Any CPU.ActiveCfg = Debug|Any CPU
		{2C5DA682-6836-4018-8493-0F2120B54204}.Debug|Any CPU.Build.0 = Debug|Any CPU
		{2C5DA682-6836-4018-8493-0F2120B54204}.Release|Any CPU.ActiveCfg = Release|Any CPU
		{2C5DA682-6836-4018-8493-0F2120B54204}.Release|Any CPU.Build.0 = Release|Any CPU
	EndGlobalSection
	GlobalSection(SolutionProperties) = preSolution
		HideSolutionNode = FALSE
	EndGlobalSection
	GlobalSection(ExtensibilityGlobals) = postSolution
		SolutionGuid = {CF8B56E1-A71D-460A-9C60-F46272DEFC18}
	EndGlobalSection
EndGlobal
